
Microsoft Visual Studio Solution File, Format Version 12.00
# Visual Studio Version 17
VisualStudioVersion = 17.0.31903.59
MinimumVisualStudioVersion = 10.0.40219.1
Project("{2150E333-8FDC-42A3-9474-1A3956D46DE8}") = "src", "src", "{827E0CD3-B72D-47B6-A68D-7590B98EB39B}"
EndProject
Project("{FAE04EC0-301F-11D3-BF4B-00C04F79EFBC}") = "EducationSystem.API", "src\EducationSystem.API\EducationSystem.API.csproj", "{5AEDA4BE-CDBF-4FE8-B2C0-B6C2B28121F8}"
EndProject
Project("{FAE04EC0-301F-11D3-BF4B-00C04F79EFBC}") = "EducationSystem.Application", "src\EducationSystem.Application\EducationSystem.Application.csproj", "{09D38219-5D74-40B0-A2D8-B4F5D55FABF1}"
EndProject
Project("{FAE04EC0-301F-11D3-BF4B-00C04F79EFBC}") = "EducationSystem.Domain", "src\EducationSystem.Domain\EducationSystem.Domain.csproj", "{CA1E12AE-809D-4BB6-8CF6-9280A0329BC0}"
EndProject
Project("{FAE04EC0-301F-11D3-BF4B-00C04F79EFBC}") = "EducationSystem.Infrastructure", "src\EducationSystem.Infrastructure\EducationSystem.Infrastructure.csproj", "{E5E8065A-E442-44A3-8F6E-1A987400ED18}"
EndProject
Global
	GlobalSection(SolutionConfigurationPlatforms) = preSolution
		Debug|Any CPU = Debug|Any CPU
		Debug|x64 = Debug|x64
		Debug|x86 = Debug|x86
		Release|Any CPU = Release|Any CPU
		Release|x64 = Release|x64
		Release|x86 = Release|x86
	EndGlobalSection
	GlobalSection(ProjectConfigurationPlatforms) = postSolution
		{5AEDA4BE-CDBF-4FE8-B2C0-B6C2B28121F8}.Debug|Any CPU.ActiveCfg = Debug|Any CPU
		{5AEDA4BE-CDBF-4FE8-B2C0-B6C2B28121F8}.Debug|Any CPU.Build.0 = Debug|Any CPU
		{5AEDA4BE-CDBF-4FE8-B2C0-B6C2B28121F8}.Debug|x64.ActiveCfg = Debug|Any CPU
		{5AEDA4BE-CDBF-4FE8-B2C0-B6C2B28121F8}.Debug|x64.Build.0 = Debug|Any CPU
		{5AEDA4BE-CDBF-4FE8-B2C0-B6C2B28121F8}.Debug|x86.ActiveCfg = Debug|Any CPU
		{5AEDA4BE-CDBF-4FE8-B2C0-B6C2B28121F8}.Debug|x86.Build.0 = Debug|Any CPU
		{5AEDA4BE-CDBF-4FE8-B2C0-B6C2B28121F8}.Release|Any CPU.ActiveCfg = Release|Any CPU
		{5AEDA4BE-CDBF-4FE8-B2C0-B6C2B28121F8}.Release|Any CPU.Build.0 = Release|Any CPU
		{5AEDA4BE-CDBF-4FE8-B2C0-B6C2B28121F8}.Release|x64.ActiveCfg = Release|Any CPU
		{5AEDA4BE-CDBF-4FE8-B2C0-B6C2B28121F8}.Release|x64.Build.0 = Release|Any CPU
		{5AEDA4BE-CDBF-4FE8-B2C0-B6C2B28121F8}.Release|x86.ActiveCfg = Release|Any CPU
		{5AEDA4BE-CDBF-4FE8-B2C0-B6C2B28121F8}.Release|x86.Build.0 = Release|Any CPU
		{09D38219-5D74-40B0-A2D8-B4F5D55FABF1}.Debug|Any CPU.ActiveCfg = Debug|Any CPU
		{09D38219-5D74-40B0-A2D8-B4F5D55FABF1}.Debug|Any CPU.Build.0 = Debug|Any CPU
		{09D38219-5D74-40B0-A2D8-B4F5D55FABF1}.Debug|x64.ActiveCfg = Debug|Any CPU
		{09D38219-5D74-40B0-A2D8-B4F5D55FABF1}.Debug|x64.Build.0 = Debug|Any CPU
		{09D38219-5D74-40B0-A2D8-B4F5D55FABF1}.Debug|x86.ActiveCfg = Debug|Any CPU
		{09D38219-5D74-40B0-A2D8-B4F5D55FABF1}.Debug|x86.Build.0 = Debug|Any CPU
		{09D38219-5D74-40B0-A2D8-B4F5D55FABF1}.Release|Any CPU.ActiveCfg = Release|Any CPU
		{09D38219-5D74-40B0-A2D8-B4F5D55FABF1}.Release|Any CPU.Build.0 = Release|Any CPU
		{09D38219-5D74-40B0-A2D8-B4F5D55FABF1}.Release|x64.ActiveCfg = Release|Any CPU
		{09D38219-5D74-40B0-A2D8-B4F5D55FABF1}.Release|x64.Build.0 = Release|Any CPU
		{09D38219-5D74-40B0-A2D8-B4F5D55FABF1}.Release|x86.ActiveCfg = Release|Any CPU
		{09D38219-5D74-40B0-A2D8-B4F5D55FABF1}.Release|x86.Build.0 = Release|Any CPU
		{CA1E12AE-809D-4BB6-8CF6-9280A0329BC0}.Debug|Any CPU.ActiveCfg = Debug|Any CPU
		{CA1E12AE-809D-4BB6-8CF6-9280A0329BC0}.Debug|Any CPU.Build.0 = Debug|Any CPU
		{CA1E12AE-809D-4BB6-8CF6-9280A0329BC0}.Debug|x64.ActiveCfg = Debug|Any CPU
		{CA1E12AE-809D-4BB6-8CF6-9280A0329BC0}.Debug|x64.Build.0 = Debug|Any CPU
		{CA1E12AE-809D-4BB6-8CF6-9280A0329BC0}.Debug|x86.ActiveCfg = Debug|Any CPU
		{CA1E12AE-809D-4BB6-8CF6-9280A0329BC0}.Debug|x86.Build.0 = Debug|Any CPU
		{CA1E12AE-809D-4BB6-8CF6-9280A0329BC0}.Release|Any CPU.ActiveCfg = Release|Any CPU
		{CA1E12AE-809D-4BB6-8CF6-9280A0329BC0}.Release|Any CPU.Build.0 = Release|Any CPU
		{CA1E12AE-809D-4BB6-8CF6-9280A0329BC0}.Release|x64.ActiveCfg = Release|Any CPU
		{CA1E12AE-809D-4BB6-8CF6-9280A0329BC0}.Release|x64.Build.0 = Release|Any CPU
		{CA1E12AE-809D-4BB6-8CF6-9280A0329BC0}.Release|x86.ActiveCfg = Release|Any CPU
		{CA1E12AE-809D-4BB6-8CF6-9280A0329BC0}.Release|x86.Build.0 = Release|Any CPU
		{E5E8065A-E442-44A3-8F6E-1A987400ED18}.Debug|Any CPU.ActiveCfg = Debug|Any CPU
		{E5E8065A-E442-44A3-8F6E-1A987400ED18}.Debug|Any CPU.Build.0 = Debug|Any CPU
		{E5E8065A-E442-44A3-8F6E-1A987400ED18}.Debug|x64.ActiveCfg = Debug|Any CPU
		{E5E8065A-E442-44A3-8F6E-1A987400ED18}.Debug|x64.Build.0 = Debug|Any CPU
		{E5E8065A-E442-44A3-8F6E-1A987400ED18}.Debug|x86.ActiveCfg = Debug|Any CPU
		{E5E8065A-E442-44A3-8F6E-1A987400ED18}.Debug|x86.Build.0 = Debug|Any CPU
		{E5E8065A-E442-44A3-8F6E-1A987400ED18}.Release|Any CPU.ActiveCfg = Release|Any CPU
		{E5E8065A-E442-44A3-8F6E-1A987400ED18}.Release|Any CPU.Build.0 = Release|Any CPU
		{E5E8065A-E442-44A3-8F6E-1A987400ED18}.Release|x64.ActiveCfg = Release|Any CPU
		{E5E8065A-E442-44A3-8F6E-1A987400ED18}.Release|x64.Build.0 = Release|Any CPU
		{E5E8065A-E442-44A3-8F6E-1A987400ED18}.Release|x86.ActiveCfg = Release|Any CPU
		{E5E8065A-E442-44A3-8F6E-1A987400ED18}.Release|x86.Build.0 = Release|Any CPU
	EndGlobalSection
	GlobalSection(SolutionProperties) = preSolution
		HideSolutionNode = FALSE
	EndGlobalSection
	GlobalSection(NestedProjects) = preSolution
		{5AEDA4BE-CDBF-4FE8-B2C0-B6C2B28121F8} = {827E0CD3-B72D-47B6-A68D-7590B98EB39B}
		{09D38219-5D74-40B0-A2D8-B4F5D55FABF1} = {827E0CD3-B72D-47B6-A68D-7590B98EB39B}
		{CA1E12AE-809D-4BB6-8CF6-9280A0329BC0} = {827E0CD3-B72D-47B6-A68D-7590B98EB39B}
		{E5E8065A-E442-44A3-8F6E-1A987400ED18} = {827E0CD3-B72D-47B6-A68D-7590B98EB39B}
	EndGlobalSection
EndGlobal
